
Microsoft Visual Studio Solution File, Format Version 12.00
# Visual Studio 15
VisualStudioVersion = 15.0.28307.902
MinimumVisualStudioVersion = 10.0.40219.1
Project("{FAE04EC0-301F-11D3-BF4B-00C04F79EFBC}") = "Dal", "Dal\Dal.csproj", "{05FD8D4F-5B0C-40A7-9091-A339723840FA}"
EndProject
Project("{FAE04EC0-301F-11D3-BF4B-00C04F79EFBC}") = "BLL", "BLL\BLL.csproj", "{7E806AA4-6A3E-47FE-85BD-8BAAE094F016}"
EndProject
Project("{FAE04EC0-301F-11D3-BF4B-00C04F79EFBC}") = "MODEL", "MODEL\MODEL.csproj", "{2CD1ADC8-95B3-4145-B620-86E5E7F14E3F}"
EndProject
Project("{FAE04EC0-301F-11D3-BF4B-00C04F79EFBC}") = "SDCKClient", "SDCKClient\SDCKClient.csproj", "{06C62ADC-577B-459E-9BAD-824700A2D627}"
EndProject
Project("{2150E333-8FDC-42A3-9474-1A3956D46DE8}") = "1.Common", "1.Common", "{3BAB6987-DAB1-420C-A79E-C39F8C21246A}"
EndProject
Project("{2150E333-8FDC-42A3-9474-1A3956D46DE8}") = "2.BLL", "2.BLL", "{B37FCD3D-5875-4AA5-A61E-77FDD437BE19}"
EndProject
Project("{2150E333-8FDC-42A3-9474-1A3956D46DE8}") = "3.DAL", "3.DAL", "{583C3376-3ECF-4DC9-889F-909900127ADA}"
EndProject
Project("{2150E333-8FDC-42A3-9474-1A3956D46DE8}") = "4.MODEL", "4.MODEL", "{568CD2E8-94B0-40B1-BDD4-EE3D413EB00A}"
EndProject
Project("{2150E333-8FDC-42A3-9474-1A3956D46DE8}") = "5.FAPI", "5.FAPI", "{1C09CE47-6C49-45C5-90F9-85EDAB5DC2B7}"
EndProject
Project("{2150E333-8FDC-42A3-9474-1A3956D46DE8}") = "6.SDK", "6.SDK", "{0FE75A5F-1E97-4D66-8495-1B85930CE162}"
EndProject
Project("{FAE04EC0-301F-11D3-BF4B-00C04F79EFBC}") = "Common", "Common\Common.csproj", "{76D9CEC7-6B07-4544-A083-D5FA152D1A43}"
EndProject
Project("{FAE04EC0-301F-11D3-BF4B-00C04F79EFBC}") = "ECommerceApi", "ECommerceApi\ECommerceApi.csproj", "{937AA734-ACD3-4D90-AC20-966752FDF608}"
EndProject
Global
	GlobalSection(SolutionConfigurationPlatforms) = preSolution
		Debug|Any CPU = Debug|Any CPU
		Release|Any CPU = Release|Any CPU
	EndGlobalSection
	GlobalSection(ProjectConfigurationPlatforms) = postSolution
		{05FD8D4F-5B0C-40A7-9091-A339723840FA}.Debug|Any CPU.ActiveCfg = Debug|Any CPU
		{05FD8D4F-5B0C-40A7-9091-A339723840FA}.Debug|Any CPU.Build.0 = Debug|Any CPU
		{05FD8D4F-5B0C-40A7-9091-A339723840FA}.Release|Any CPU.ActiveCfg = Release|Any CPU
		{05FD8D4F-5B0C-40A7-9091-A339723840FA}.Release|Any CPU.Build.0 = Release|Any CPU
		{7E806AA4-6A3E-47FE-85BD-8BAAE094F016}.Debug|Any CPU.ActiveCfg = Debug|Any CPU
		{7E806AA4-6A3E-47FE-85BD-8BAAE094F016}.Debug|Any CPU.Build.0 = Debug|Any CPU
		{7E806AA4-6A3E-47FE-85BD-8BAAE094F016}.Release|Any CPU.ActiveCfg = Release|Any CPU
		{7E806AA4-6A3E-47FE-85BD-8BAAE094F016}.Release|Any CPU.Build.0 = Release|Any CPU
		{2CD1ADC8-95B3-4145-B620-86E5E7F14E3F}.Debug|Any CPU.ActiveCfg = Debug|Any CPU
		{2CD1ADC8-95B3-4145-B620-86E5E7F14E3F}.Debug|Any CPU.Build.0 = Debug|Any CPU
		{2CD1ADC8-95B3-4145-B620-86E5E7F14E3F}.Release|Any CPU.ActiveCfg = Release|Any CPU
		{2CD1ADC8-95B3-4145-B620-86E5E7F14E3F}.Release|Any CPU.Build.0 = Release|Any CPU
		{06C62ADC-577B-459E-9BAD-824700A2D627}.Debug|Any CPU.ActiveCfg = Debug|Any CPU
		{06C62ADC-577B-459E-9BAD-824700A2D627}.Debug|Any CPU.Build.0 = Debug|Any CPU
		{06C62ADC-577B-459E-9BAD-824700A2D627}.Release|Any CPU.ActiveCfg = Release|Any CPU
		{06C62ADC-577B-459E-9BAD-824700A2D627}.Release|Any CPU.Build.0 = Release|Any CPU
		{76D9CEC7-6B07-4544-A083-D5FA152D1A43}.Debug|Any CPU.ActiveCfg = Debug|Any CPU
		{76D9CEC7-6B07-4544-A083-D5FA152D1A43}.Debug|Any CPU.Build.0 = Debug|Any CPU
		{76D9CEC7-6B07-4544-A083-D5FA152D1A43}.Release|Any CPU.ActiveCfg = Release|Any CPU
		{76D9CEC7-6B07-4544-A083-D5FA152D1A43}.Release|Any CPU.Build.0 = Release|Any CPU
		{937AA734-ACD3-4D90-AC20-966752FDF608}.Debug|Any CPU.ActiveCfg = Debug|Any CPU
		{937AA734-ACD3-4D90-AC20-966752FDF608}.Debug|Any CPU.Build.0 = Debug|Any CPU
		{937AA734-ACD3-4D90-AC20-966752FDF608}.Release|Any CPU.ActiveCfg = Release|Any CPU
		{937AA734-ACD3-4D90-AC20-966752FDF608}.Release|Any CPU.Build.0 = Release|Any CPU
	EndGlobalSection
	GlobalSection(SolutionProperties) = preSolution
		HideSolutionNode = FALSE
	EndGlobalSection
	GlobalSection(NestedProjects) = preSolution
		{05FD8D4F-5B0C-40A7-9091-A339723840FA} = {583C3376-3ECF-4DC9-889F-909900127ADA}
		{7E806AA4-6A3E-47FE-85BD-8BAAE094F016} = {B37FCD3D-5875-4AA5-A61E-77FDD437BE19}
		{2CD1ADC8-95B3-4145-B620-86E5E7F14E3F} = {568CD2E8-94B0-40B1-BDD4-EE3D413EB00A}
		{06C62ADC-577B-459E-9BAD-824700A2D627} = {0FE75A5F-1E97-4D66-8495-1B85930CE162}
		{76D9CEC7-6B07-4544-A083-D5FA152D1A43} = {3BAB6987-DAB1-420C-A79E-C39F8C21246A}
		{937AA734-ACD3-4D90-AC20-966752FDF608} = {1C09CE47-6C49-45C5-90F9-85EDAB5DC2B7}
	EndGlobalSection
	GlobalSection(ExtensibilityGlobals) = postSolution
		SolutionGuid = {FBE9AE74-6EF8-47EE-8FEA-2449075FDC61}
	EndGlobalSection
EndGlobal
